
Microsoft Visual Studio Solution File, Format Version 12.00
# Visual Studio Version 16
VisualStudioVersion = 16.0.31613.86
MinimumVisualStudioVersion = 10.0.40219.1
Project("{888888A0-9F3D-457C-B088-3A5042F75D52}") = "crawling_imax", "crawling_imax\crawling_imax.pyproj", "{D6E12B04-9466-40C7-823E-AEFFDE997FEC}"
EndProject
Global
	GlobalSection(SolutionConfigurationPlatforms) = preSolution
		Debug|Any CPU = Debug|Any CPU
		Release|Any CPU = Release|Any CPU
	EndGlobalSection
	GlobalSection(ProjectConfigurationPlatforms) = postSolution
		{D6E12B04-9466-40C7-823E-AEFFDE997FEC}.Debug|Any CPU.ActiveCfg = Debug|Any CPU
		{D6E12B04-9466-40C7-823E-AEFFDE997FEC}.Release|Any CPU.ActiveCfg = Release|Any CPU
	EndGlobalSection
	GlobalSection(SolutionProperties) = preSolution
		HideSolutionNode = FALSE
	EndGlobalSection
	GlobalSection(ExtensibilityGlobals) = postSolution
		SolutionGuid = {AE0755F1-C1BD-4645-8C47-C070BE41102B}
	EndGlobalSection
EndGlobal
